
Microsoft Visual Studio Solution File, Format Version 12.00
# Visual Studio Version 17
VisualStudioVersion = 17.8.34511.84
MinimumVisualStudioVersion = 10.0.40219.1
Project("{FAE04EC0-301F-11D3-BF4B-00C04F79EFBC}") = "conceitosbasicos", "conceitosbasicos\conceitosbasicos.csproj", "{38580A14-E3B2-4127-8F76-0D98F55921DE}"
EndProject
Global
	GlobalSection(SolutionConfigurationPlatforms) = preSolution
		Debug|Any CPU = Debug|Any CPU
		Release|Any CPU = Release|Any CPU
	EndGlobalSection
	GlobalSection(ProjectConfigurationPlatforms) = postSolution
		{38580A14-E3B2-4127-8F76-0D98F55921DE}.Debug|Any CPU.ActiveCfg = Debug|Any CPU
		{38580A14-E3B2-4127-8F76-0D98F55921DE}.Debug|Any CPU.Build.0 = Debug|Any CPU
		{38580A14-E3B2-4127-8F76-0D98F55921DE}.Release|Any CPU.ActiveCfg = Release|Any CPU
		{38580A14-E3B2-4127-8F76-0D98F55921DE}.Release|Any CPU.Build.0 = Release|Any CPU
	EndGlobalSection
	GlobalSection(SolutionProperties) = preSolution
		HideSolutionNode = FALSE
	EndGlobalSection
	GlobalSection(ExtensibilityGlobals) = postSolution
		SolutionGuid = {50CE313A-5D06-4582-9A50-1252AA42665D}
	EndGlobalSection
EndGlobal
